
Microsoft Visual Studio Solution File, Format Version 12.00
# Visual Studio 14
VisualStudioVersion = 14.0.25123.0
MinimumVisualStudioVersion = 10.0.40219.1
Project("{8BC9CEB8-8B4A-11D0-8D11-00A0C91BC942}") = "01-HeapStack", "01-HeapStack\01-HeapStack.vcxproj", "{B35392F1-52BD-478E-80C9-B2D3AA2B4839}"
EndProject
Project("{8BC9CEB8-8B4A-11D0-8D11-00A0C91BC942}") = "02-PointerArithmetic", "02-PointerArithmetic\02-PointerArithmetic.vcxproj", "{7F5732C3-E145-4699-95E1-1F23C1542018}"
EndProject
Project("{8BC9CEB8-8B4A-11D0-8D11-00A0C91BC942}") = "03-References", "03-References\03-References.vcxproj", "{EC78E323-4448-4311-B07A-D3B248E941FD}"
EndProject
Project("{8BC9CEB8-8B4A-11D0-8D11-00A0C91BC942}") = "04-Compilation", "04-Compilation\04-Compilation.vcxproj", "{4724DD65-7FD5-47B8-ACEA-1C453B27A432}"
EndProject
Project("{8BC9CEB8-8B4A-11D0-8D11-00A0C91BC942}") = "05-FileIO", "05-FileIO\05-FileIO.vcxproj", "{7C4D728D-C2B8-4830-96F9-FD1AEF9CD06B}"
EndProject
Global
	GlobalSection(SolutionConfigurationPlatforms) = preSolution
		Debug|x64 = Debug|x64
		Debug|x86 = Debug|x86
		Release|x64 = Release|x64
		Release|x86 = Release|x86
	EndGlobalSection
	GlobalSection(ProjectConfigurationPlatforms) = postSolution
		{B35392F1-52BD-478E-80C9-B2D3AA2B4839}.Debug|x64.ActiveCfg = Debug|x64
		{B35392F1-52BD-478E-80C9-B2D3AA2B4839}.Debug|x64.Build.0 = Debug|x64
		{B35392F1-52BD-478E-80C9-B2D3AA2B4839}.Debug|x86.ActiveCfg = Debug|Win32
		{B35392F1-52BD-478E-80C9-B2D3AA2B4839}.Debug|x86.Build.0 = Debug|Win32
		{B35392F1-52BD-478E-80C9-B2D3AA2B4839}.Release|x64.ActiveCfg = Release|x64
		{B35392F1-52BD-478E-80C9-B2D3AA2B4839}.Release|x64.Build.0 = Release|x64
		{B35392F1-52BD-478E-80C9-B2D3AA2B4839}.Release|x86.ActiveCfg = Release|Win32
		{B35392F1-52BD-478E-80C9-B2D3AA2B4839}.Release|x86.Build.0 = Release|Win32
		{7F5732C3-E145-4699-95E1-1F23C1542018}.Debug|x64.ActiveCfg = Debug|x64
		{7F5732C3-E145-4699-95E1-1F23C1542018}.Debug|x64.Build.0 = Debug|x64
		{7F5732C3-E145-4699-95E1-1F23C1542018}.Debug|x86.ActiveCfg = Debug|Win32
		{7F5732C3-E145-4699-95E1-1F23C1542018}.Debug|x86.Build.0 = Debug|Win32
		{7F5732C3-E145-4699-95E1-1F23C1542018}.Release|x64.ActiveCfg = Release|x64
		{7F5732C3-E145-4699-95E1-1F23C1542018}.Release|x64.Build.0 = Release|x64
		{7F5732C3-E145-4699-95E1-1F23C1542018}.Release|x86.ActiveCfg = Release|Win32
		{7F5732C3-E145-4699-95E1-1F23C1542018}.Release|x86.Build.0 = Release|Win32
		{EC78E323-4448-4311-B07A-D3B248E941FD}.Debug|x64.ActiveCfg = Debug|x64
		{EC78E323-4448-4311-B07A-D3B248E941FD}.Debug|x64.Build.0 = Debug|x64
		{EC78E323-4448-4311-B07A-D3B248E941FD}.Debug|x86.ActiveCfg = Debug|Win32
		{EC78E323-4448-4311-B07A-D3B248E941FD}.Debug|x86.Build.0 = Debug|Win32
		{EC78E323-4448-4311-B07A-D3B248E941FD}.Release|x64.ActiveCfg = Release|x64
		{EC78E323-4448-4311-B07A-D3B248E941FD}.Release|x64.Build.0 = Release|x64
		{EC78E323-4448-4311-B07A-D3B248E941FD}.Release|x86.ActiveCfg = Release|Win32
		{EC78E323-4448-4311-B07A-D3B248E941FD}.Release|x86.Build.0 = Release|Win32
		{4724DD65-7FD5-47B8-ACEA-1C453B27A432}.Debug|x64.ActiveCfg = Debug|x64
		{4724DD65-7FD5-47B8-ACEA-1C453B27A432}.Debug|x64.Build.0 = Debug|x64
		{4724DD65-7FD5-47B8-ACEA-1C453B27A432}.Debug|x86.ActiveCfg = Debug|Win32
		{4724DD65-7FD5-47B8-ACEA-1C453B27A432}.Debug|x86.Build.0 = Debug|Win32
		{4724DD65-7FD5-47B8-ACEA-1C453B27A432}.Release|x64.ActiveCfg = Release|x64
		{4724DD65-7FD5-47B8-ACEA-1C453B27A432}.Release|x64.Build.0 = Release|x64
		{4724DD65-7FD5-47B8-ACEA-1C453B27A432}.Release|x86.ActiveCfg = Release|Win32
		{4724DD65-7FD5-47B8-ACEA-1C453B27A432}.Release|x86.Build.0 = Release|Win32
		{7C4D728D-C2B8-4830-96F9-FD1AEF9CD06B}.Debug|x64.ActiveCfg = Debug|x64
		{7C4D728D-C2B8-4830-96F9-FD1AEF9CD06B}.Debug|x64.Build.0 = Debug|x64
		{7C4D728D-C2B8-4830-96F9-FD1AEF9CD06B}.Debug|x86.ActiveCfg = Debug|Win32
		{7C4D728D-C2B8-4830-96F9-FD1AEF9CD06B}.Debug|x86.Build.0 = Debug|Win32
		{7C4D728D-C2B8-4830-96F9-FD1AEF9CD06B}.Release|x64.ActiveCfg = Release|x64
		{7C4D728D-C2B8-4830-96F9-FD1AEF9CD06B}.Release|x64.Build.0 = Release|x64
		{7C4D728D-C2B8-4830-96F9-FD1AEF9CD06B}.Release|x86.ActiveCfg = Release|Win32
		{7C4D728D-C2B8-4830-96F9-FD1AEF9CD06B}.Release|x86.Build.0 = Release|Win32
	EndGlobalSection
	GlobalSection(SolutionProperties) = preSolution
		HideSolutionNode = FALSE
	EndGlobalSection
EndGlobal
